
Microsoft Visual Studio Solution File, Format Version 12.00
# Visual Studio Version 17
VisualStudioVersion = 17.7.34202.233
MinimumVisualStudioVersion = 10.0.40219.1
Project("{FAE04EC0-301F-11D3-BF4B-00C04F79EFBC}") = "DevFolio", "DevFolio\DevFolio.csproj", "{86A6F62A-A2F6-48B9-A50D-68C8CD2C32D1}"
EndProject
Global
	GlobalSection(SolutionConfigurationPlatforms) = preSolution
		Debug|Any CPU = Debug|Any CPU
		Release|Any CPU = Release|Any CPU
	EndGlobalSection
	GlobalSection(ProjectConfigurationPlatforms) = postSolution
		{86A6F62A-A2F6-48B9-A50D-68C8CD2C32D1}.Debug|Any CPU.ActiveCfg = Debug|Any CPU
		{86A6F62A-A2F6-48B9-A50D-68C8CD2C32D1}.Debug|Any CPU.Build.0 = Debug|Any CPU
		{86A6F62A-A2F6-48B9-A50D-68C8CD2C32D1}.Release|Any CPU.ActiveCfg = Release|Any CPU
		{86A6F62A-A2F6-48B9-A50D-68C8CD2C32D1}.Release|Any CPU.Build.0 = Release|Any CPU
	EndGlobalSection
	GlobalSection(SolutionProperties) = preSolution
		HideSolutionNode = FALSE
	EndGlobalSection
	GlobalSection(ExtensibilityGlobals) = postSolution
		SolutionGuid = {1BBBBB70-A376-4BAF-87AC-08498AA76833}
	EndGlobalSection
EndGlobal
